// !$*UTF8*$!
{
	archiveVersion = 1;
	classes = {
	};
	objectVersion = 55;
	objects = {

/* Begin PBXBuildFile section */
		0C0751F8A47424D96AF26C2B /* LaunchScreen.storyboard in Resources */ = {isa = PBXBuildFile; fileRef = B069892E377D7E9CC1690537 /* LaunchScreen.storyboard */; };
		1BF61140C6813DDD6BBA17BC /* LibsKit.framework in Embed Frameworks */ = {isa = PBXBuildFile; fileRef = DEE7AA9A354EF346CF3E618D /* LibsKit.framework */; settings = {ATTRIBUTES = (CodeSignOnCopy, RemoveHeadersOnCopy, ); }; };
		1D5FE504190EFBD145E30F01 /* LibsUI.framework in Embed Frameworks */ = {isa = PBXBuildFile; fileRef = 345C99FFD74A505BE6727B3E /* LibsUI.framework */; settings = {ATTRIBUTES = (CodeSignOnCopy, RemoveHeadersOnCopy, ); }; };
		24BEBD3F0BCB256C92FF84CE /* LibsKit.framework in Frameworks */ = {isa = PBXBuildFile; fileRef = DEE7AA9A354EF346CF3E618D /* LibsKit.framework */; };
		2A80FF987C42ABED35DCAC16 /* AppTests.swift in Sources */ = {isa = PBXBuildFile; fileRef = EF263F021217FD6B12E65A22 /* AppTests.swift */; };
		42D0A12351A57FC099DD3F99 /* TuistBundle+Libs.swift in Sources */ = {isa = PBXBuildFile; fileRef = 3DE9CD66B14FB7305487F5CB /* TuistBundle+Libs.swift */; };
		5BCFDF754815C41874274580 /* AppDelegate.swift in Sources */ = {isa = PBXBuildFile; fileRef = 84CA41BD4DD12ACDBA3F59A2 /* AppDelegate.swift */; };
		76324EE068709095DAFFF783 /* LibsUITests.swift in Sources */ = {isa = PBXBuildFile; fileRef = 33A0FB1296D33A08EEE14405 /* LibsUITests.swift */; };
		87EE8E6803C2FD9FA42EE2CB /* LibsKit.swift in Sources */ = {isa = PBXBuildFile; fileRef = AE2552157ACE8BDE548C616E /* LibsKit.swift */; };
		8CEC9E05A48458B97E96088E /* LibsUI.framework in Frameworks */ = {isa = PBXBuildFile; fileRef = 345C99FFD74A505BE6727B3E /* LibsUI.framework */; };
		93DBBC0992CFB1C6ADC70838 /* LibsKit.framework in Frameworks */ = {isa = PBXBuildFile; fileRef = DEE7AA9A354EF346CF3E618D /* LibsKit.framework */; };
		95E95E1A874DEB049E5A7C3D /* LibsKitTests.swift in Sources */ = {isa = PBXBuildFile; fileRef = 31B31538777E16470C9F1AA3 /* LibsKitTests.swift */; };
		AB899CFC125E90BBB7825121 /* LibsUI.swift in Sources */ = {isa = PBXBuildFile; fileRef = D1F58EB47D39ACFB0A89171F /* LibsUI.swift */; };
		CD37E98B8A2AA9224635B782 /* LibsUI.framework in Frameworks */ = {isa = PBXBuildFile; fileRef = 345C99FFD74A505BE6727B3E /* LibsUI.framework */; };
/* End PBXBuildFile section */

/* Begin PBXContainerItemProxy section */
		0BB16047F7BB52A515203590 /* PBXContainerItemProxy */ = {
			isa = PBXContainerItemProxy;
			containerPortal = D157615377CE6E82B6E3104C /* Project object */;
			proxyType = 1;
			remoteGlobalIDString = 4184D25B6E1BE9A02ADD0775;
			remoteInfo = Libs;
		};
		304485891DAEA0C46EA8C145 /* PBXContainerItemProxy */ = {
			isa = PBXContainerItemProxy;
			containerPortal = D157615377CE6E82B6E3104C /* Project object */;
			proxyType = 1;
			remoteGlobalIDString = 67830FD15FC3CCE08D8CE048;
			remoteInfo = LibsUI;
		};
		3DD6EE44BB1FBAA38E1409BC /* PBXContainerItemProxy */ = {
			isa = PBXContainerItemProxy;
			containerPortal = D157615377CE6E82B6E3104C /* Project object */;
			proxyType = 1;
			remoteGlobalIDString = CC7C28B75353E834D60547F4;
			remoteInfo = LibsKit;
		};
		BEE9248908AC07DB6305EB88 /* PBXContainerItemProxy */ = {
			isa = PBXContainerItemProxy;
			containerPortal = D157615377CE6E82B6E3104C /* Project object */;
			proxyType = 1;
			remoteGlobalIDString = 67830FD15FC3CCE08D8CE048;
			remoteInfo = LibsUI;
		};
		C77FB346A4EC7354EC0026BD /* PBXContainerItemProxy */ = {
			isa = PBXContainerItemProxy;
			containerPortal = D157615377CE6E82B6E3104C /* Project object */;
			proxyType = 1;
			remoteGlobalIDString = CC7C28B75353E834D60547F4;
			remoteInfo = LibsKit;
		};
/* End PBXContainerItemProxy section */

/* Begin PBXCopyFilesBuildPhase section */
		186D76DE3F44F6193E39A820 /* Embed Frameworks */ = {
			isa = PBXCopyFilesBuildPhase;
			buildActionMask = 2147483647;
			dstPath = "";
			dstSubfolderSpec = 10;
			files = (
			);
			name = "Embed Frameworks";
			runOnlyForDeploymentPostprocessing = 0;
		};
		7D8B0C413E2CBFEC88D29F42 /* Embed Frameworks */ = {
			isa = PBXCopyFilesBuildPhase;
			buildActionMask = 2147483647;
			dstPath = "";
			dstSubfolderSpec = 10;
			files = (
			);
			name = "Embed Frameworks";
			runOnlyForDeploymentPostprocessing = 0;
		};
		A98ECDC6A882A4FDB032F540 /* Embed Frameworks */ = {
			isa = PBXCopyFilesBuildPhase;
			buildActionMask = 2147483647;
			dstPath = "";
			dstSubfolderSpec = 10;
			files = (
			);
			name = "Embed Frameworks";
			runOnlyForDeploymentPostprocessing = 0;
		};
		AC1A8F348689216A98E31D04 /* Embed Frameworks */ = {
			isa = PBXCopyFilesBuildPhase;
			buildActionMask = 2147483647;
			dstPath = "";
			dstSubfolderSpec = 10;
			files = (
			);
			name = "Embed Frameworks";
			runOnlyForDeploymentPostprocessing = 0;
		};
		EBA93DBB5CE9863944C86DC9 /* Embed Frameworks */ = {
			isa = PBXCopyFilesBuildPhase;
			buildActionMask = 2147483647;
			dstPath = "";
			dstSubfolderSpec = 10;
			files = (
			);
			name = "Embed Frameworks";
			runOnlyForDeploymentPostprocessing = 0;
		};
		FEE0431AB2B7CFCDD56321A5 /* Embed Frameworks */ = {
			isa = PBXCopyFilesBuildPhase;
			buildActionMask = 2147483647;
			dstPath = "";
			dstSubfolderSpec = 10;
			files = (
				1BF61140C6813DDD6BBA17BC /* LibsKit.framework in Embed Frameworks */,
				1D5FE504190EFBD145E30F01 /* LibsUI.framework in Embed Frameworks */,
			);
			name = "Embed Frameworks";
			runOnlyForDeploymentPostprocessing = 0;
		};
/* End PBXCopyFilesBuildPhase section */

/* Begin PBXFileReference section */
		0744599B4B052C9E76070944 /* LibsUITests-Info.plist */ = {isa = PBXFileReference; lastKnownFileType = text.plist; path = "LibsUITests-Info.plist"; sourceTree = "<group>"; };
		11B7A9786846955FFD47F3AB /* LibsUITests.xctest */ = {isa = PBXFileReference; explicitFileType = wrapper.cfbundle; includeInIndex = 0; path = LibsUITests.xctest; sourceTree = BUILT_PRODUCTS_DIR; };
		1C9A014CCA2DDD635EBB5A75 /* Libs.app */ = {isa = PBXFileReference; explicitFileType = wrapper.application; includeInIndex = 0; path = Libs.app; sourceTree = BUILT_PRODUCTS_DIR; };
		1E797537898635D61D751DD5 /* LibsUI-Info.plist */ = {isa = PBXFileReference; lastKnownFileType = text.plist; path = "LibsUI-Info.plist"; sourceTree = "<group>"; };
		20A6B26E0CFAFE1C21AC20A3 /* LibsTests-Info.plist */ = {isa = PBXFileReference; lastKnownFileType = text.plist; path = "LibsTests-Info.plist"; sourceTree = "<group>"; };
		31B31538777E16470C9F1AA3 /* LibsKitTests.swift */ = {isa = PBXFileReference; lastKnownFileType = sourcecode.swift; path = LibsKitTests.swift; sourceTree = "<group>"; };
		33A0FB1296D33A08EEE14405 /* LibsUITests.swift */ = {isa = PBXFileReference; lastKnownFileType = sourcecode.swift; path = LibsUITests.swift; sourceTree = "<group>"; };
		345C99FFD74A505BE6727B3E /* LibsUI.framework */ = {isa = PBXFileReference; explicitFileType = wrapper.framework; includeInIndex = 0; path = LibsUI.framework; sourceTree = BUILT_PRODUCTS_DIR; };
		3DE9CD66B14FB7305487F5CB /* TuistBundle+Libs.swift */ = {isa = PBXFileReference; lastKnownFileType = sourcecode.swift; path = "TuistBundle+Libs.swift"; sourceTree = "<group>"; };
		84CA41BD4DD12ACDBA3F59A2 /* AppDelegate.swift */ = {isa = PBXFileReference; lastKnownFileType = sourcecode.swift; path = AppDelegate.swift; sourceTree = "<group>"; };
		8BCBC44A0E3C26A22EC2C79A /* LibsKitTests-Info.plist */ = {isa = PBXFileReference; lastKnownFileType = text.plist; path = "LibsKitTests-Info.plist"; sourceTree = "<group>"; };
		91C58E639AC6CB776A812331 /* LibsTests.xctest */ = {isa = PBXFileReference; explicitFileType = wrapper.cfbundle; includeInIndex = 0; path = LibsTests.xctest; sourceTree = BUILT_PRODUCTS_DIR; };
		AE2552157ACE8BDE548C616E /* LibsKit.swift */ = {isa = PBXFileReference; lastKnownFileType = sourcecode.swift; path = LibsKit.swift; sourceTree = "<group>"; };
		B069892E377D7E9CC1690537 /* LaunchScreen.storyboard */ = {isa = PBXFileReference; lastKnownFileType = file.storyboard; path = LaunchScreen.storyboard; sourceTree = "<group>"; };
		C2409A87A093BB0EC3A87428 /* LibsKit-Info.plist */ = {isa = PBXFileReference; lastKnownFileType = text.plist; path = "LibsKit-Info.plist"; sourceTree = "<group>"; };
		D1F58EB47D39ACFB0A89171F /* LibsUI.swift */ = {isa = PBXFileReference; lastKnownFileType = sourcecode.swift; path = LibsUI.swift; sourceTree = "<group>"; };
		DEE7AA9A354EF346CF3E618D /* LibsKit.framework */ = {isa = PBXFileReference; explicitFileType = wrapper.framework; includeInIndex = 0; path = LibsKit.framework; sourceTree = BUILT_PRODUCTS_DIR; };
		E3F8977472B20CAA565376B7 /* LibsKitTests.xctest */ = {isa = PBXFileReference; explicitFileType = wrapper.cfbundle; includeInIndex = 0; path = LibsKitTests.xctest; sourceTree = BUILT_PRODUCTS_DIR; };
		E4E6E4BC1EE66B0D3CCE8F48 /* Libs-Info.plist */ = {isa = PBXFileReference; lastKnownFileType = text.plist; path = "Libs-Info.plist"; sourceTree = "<group>"; };
		EF263F021217FD6B12E65A22 /* AppTests.swift */ = {isa = PBXFileReference; lastKnownFileType = sourcecode.swift; path = AppTests.swift; sourceTree = "<group>"; };
/* End PBXFileReference section */

/* Begin PBXFrameworksBuildPhase section */
		4E35577D80E6069E87D89018 /* Frameworks */ = {
			isa = PBXFrameworksBuildPhase;
			buildActionMask = 2147483647;
			files = (
				24BEBD3F0BCB256C92FF84CE /* LibsKit.framework in Frameworks */,
				8CEC9E05A48458B97E96088E /* LibsUI.framework in Frameworks */,
			);
			runOnlyForDeploymentPostprocessing = 0;
		};
		53745029486D46D8FA68E936 /* Frameworks */ = {
			isa = PBXFrameworksBuildPhase;
			buildActionMask = 2147483647;
			files = (
			);
			runOnlyForDeploymentPostprocessing = 0;
		};
		9E2BB7BA9CA496B1E15B6468 /* Frameworks */ = {
			isa = PBXFrameworksBuildPhase;
			buildActionMask = 2147483647;
			files = (
				CD37E98B8A2AA9224635B782 /* LibsUI.framework in Frameworks */,
			);
			runOnlyForDeploymentPostprocessing = 0;
		};
		A8298584E3256E2F9BD9FCBD /* Frameworks */ = {
			isa = PBXFrameworksBuildPhase;
			buildActionMask = 2147483647;
			files = (
			);
			runOnlyForDeploymentPostprocessing = 0;
		};
		C1A6B615EA48EBF44F7784D5 /* Frameworks */ = {
			isa = PBXFrameworksBuildPhase;
			buildActionMask = 2147483647;
			files = (
				93DBBC0992CFB1C6ADC70838 /* LibsKit.framework in Frameworks */,
			);
			runOnlyForDeploymentPostprocessing = 0;
		};
		CA55FDD982EE53523020DF23 /* Frameworks */ = {
			isa = PBXFrameworksBuildPhase;
			buildActionMask = 2147483647;
			files = (
			);
			runOnlyForDeploymentPostprocessing = 0;
		};
/* End PBXFrameworksBuildPhase section */

/* Begin PBXGroup section */
		03005E171208A249494B1EC9 /* Libs */ = {
			isa = PBXGroup;
			children = (
				25A0F23EE5C804F5AD35953C /* Resources */,
				3EB011DA9D523F7A3219D69E /* Sources */,
				2EC0E4709BF8EDA3B3DEAD78 /* Tests */,
			);
			path = Libs;
			sourceTree = "<group>";
		};
		119B6DF9658E4EE70C9D273A /* LibsUI */ = {
			isa = PBXGroup;
			children = (
				177A4829ED885D283AA3D573 /* Sources */,
				E641F233AF8F12E2F91BFC8E /* Tests */,
			);
			path = LibsUI;
			sourceTree = "<group>";
		};
		177A4829ED885D283AA3D573 /* Sources */ = {
			isa = PBXGroup;
			children = (
				D1F58EB47D39ACFB0A89171F /* LibsUI.swift */,
			);
			path = Sources;
			sourceTree = "<group>";
		};
		25A0F23EE5C804F5AD35953C /* Resources */ = {
			isa = PBXGroup;
			children = (
				B069892E377D7E9CC1690537 /* LaunchScreen.storyboard */,
			);
			path = Resources;
			sourceTree = "<group>";
		};
		2AD572819C13FC15E908CFFD /* Derived */ = {
			isa = PBXGroup;
			children = (
				56DCBF3FCF51F7D223244060 /* InfoPlists */,
				984309D7C8DCD7DC10B7A35F /* Sources */,
			);
			path = Derived;
			sourceTree = "<group>";
		};
		2EC0E4709BF8EDA3B3DEAD78 /* Tests */ = {
			isa = PBXGroup;
			children = (
				EF263F021217FD6B12E65A22 /* AppTests.swift */,
			);
			path = Tests;
			sourceTree = "<group>";
		};
		30E28B410B1BB620AF81675A /* Products */ = {
			isa = PBXGroup;
			children = (
				1C9A014CCA2DDD635EBB5A75 /* Libs.app */,
				DEE7AA9A354EF346CF3E618D /* LibsKit.framework */,
				E3F8977472B20CAA565376B7 /* LibsKitTests.xctest */,
				91C58E639AC6CB776A812331 /* LibsTests.xctest */,
				345C99FFD74A505BE6727B3E /* LibsUI.framework */,
				11B7A9786846955FFD47F3AB /* LibsUITests.xctest */,
			);
			name = Products;
			sourceTree = "<group>";
		};
		3B868142A6CF02D2E17288B8 /* Project */ = {
			isa = PBXGroup;
			children = (
				2AD572819C13FC15E908CFFD /* Derived */,
				AC538A224AB5CB2DCFF3F35C /* Targets */,
			);
			name = Project;
			sourceTree = "<group>";
		};
		3EB011DA9D523F7A3219D69E /* Sources */ = {
			isa = PBXGroup;
			children = (
				84CA41BD4DD12ACDBA3F59A2 /* AppDelegate.swift */,
			);
			path = Sources;
			sourceTree = "<group>";
		};
		46B87D6C8B3C510EB7E903CB /* Frameworks */ = {
			isa = PBXGroup;
			children = (
			);
			name = Frameworks;
			sourceTree = "<group>";
		};
		56DCBF3FCF51F7D223244060 /* InfoPlists */ = {
			isa = PBXGroup;
			children = (
				E4E6E4BC1EE66B0D3CCE8F48 /* Libs-Info.plist */,
				C2409A87A093BB0EC3A87428 /* LibsKit-Info.plist */,
				8BCBC44A0E3C26A22EC2C79A /* LibsKitTests-Info.plist */,
				20A6B26E0CFAFE1C21AC20A3 /* LibsTests-Info.plist */,
				1E797537898635D61D751DD5 /* LibsUI-Info.plist */,
				0744599B4B052C9E76070944 /* LibsUITests-Info.plist */,
			);
			path = InfoPlists;
			sourceTree = "<group>";
		};
		7A008EDDC7B5B6EA38094D16 /* LibsKit */ = {
			isa = PBXGroup;
			children = (
				B5DCA74ADD217A6DA59C8E0A /* Sources */,
				F8891814731B2DF5FF6EF2FF /* Tests */,
			);
			path = LibsKit;
			sourceTree = "<group>";
		};
		89792F2FA440B2D172B6DA15 = {
			isa = PBXGroup;
			children = (
				3B868142A6CF02D2E17288B8 /* Project */,
				46B87D6C8B3C510EB7E903CB /* Frameworks */,
				30E28B410B1BB620AF81675A /* Products */,
			);
			sourceTree = "<group>";
		};
		984309D7C8DCD7DC10B7A35F /* Sources */ = {
			isa = PBXGroup;
			children = (
				3DE9CD66B14FB7305487F5CB /* TuistBundle+Libs.swift */,
			);
			path = Sources;
			sourceTree = "<group>";
		};
		AC538A224AB5CB2DCFF3F35C /* Targets */ = {
			isa = PBXGroup;
			children = (
				03005E171208A249494B1EC9 /* Libs */,
				7A008EDDC7B5B6EA38094D16 /* LibsKit */,
				119B6DF9658E4EE70C9D273A /* LibsUI */,
			);
			path = Targets;
			sourceTree = "<group>";
		};
		B5DCA74ADD217A6DA59C8E0A /* Sources */ = {
			isa = PBXGroup;
			children = (
				AE2552157ACE8BDE548C616E /* LibsKit.swift */,
			);
			path = Sources;
			sourceTree = "<group>";
		};
		E641F233AF8F12E2F91BFC8E /* Tests */ = {
			isa = PBXGroup;
			children = (
				33A0FB1296D33A08EEE14405 /* LibsUITests.swift */,
			);
			path = Tests;
			sourceTree = "<group>";
		};
		F8891814731B2DF5FF6EF2FF /* Tests */ = {
			isa = PBXGroup;
			children = (
				31B31538777E16470C9F1AA3 /* LibsKitTests.swift */,
			);
			path = Tests;
			sourceTree = "<group>";
		};
/* End PBXGroup section */

/* Begin PBXNativeTarget section */
		3861B6B68561CA2F21F6E9F2 /* LibsKitTests */ = {
			isa = PBXNativeTarget;
			buildConfigurationList = 272FEE9D9FD729A45C0BC7B2 /* Build configuration list for PBXNativeTarget "LibsKitTests" */;
			buildPhases = (
				C0ED08E07BF8CC4CF3F9C426 /* Sources */,
				6F3C34E9AE5AB2E85DC633D5 /* Resources */,
				A98ECDC6A882A4FDB032F540 /* Embed Frameworks */,
				C1A6B615EA48EBF44F7784D5 /* Frameworks */,
			);
			buildRules = (
			);
			dependencies = (
				9C92F4180681E544B56477EA /* PBXTargetDependency */,
			);
			name = LibsKitTests;
			productName = LibsKitTests;
			productReference = E3F8977472B20CAA565376B7 /* LibsKitTests.xctest */;
			productType = "com.apple.product-type.bundle.unit-test";
		};
		4184D25B6E1BE9A02ADD0775 /* Libs */ = {
			isa = PBXNativeTarget;
			buildConfigurationList = C9A42E92E56C89A0624D56FF /* Build configuration list for PBXNativeTarget "Libs" */;
			buildPhases = (
				09D83F34717CA25C38BC51E9 /* Sources */,
				337FD3A650E88A25F56E8B6A /* Resources */,
				FEE0431AB2B7CFCDD56321A5 /* Embed Frameworks */,
				4E35577D80E6069E87D89018 /* Frameworks */,
			);
			buildRules = (
			);
			dependencies = (
				B9D24CE050FEB29371A30A55 /* PBXTargetDependency */,
				DA586BFD20A55A01FC6BEAD8 /* PBXTargetDependency */,
			);
			name = Libs;
			productName = Libs;
			productReference = 1C9A014CCA2DDD635EBB5A75 /* Libs.app */;
			productType = "com.apple.product-type.application";
		};
		67830FD15FC3CCE08D8CE048 /* LibsUI */ = {
			isa = PBXNativeTarget;
			buildConfigurationList = 5C4710F9D1B00ADB9E06805F /* Build configuration list for PBXNativeTarget "LibsUI" */;
			buildPhases = (
				F193F2A6073292AEB50CEBDC /* Sources */,
				F2B6C9DDD379C484F3597DB1 /* Resources */,
				7D8B0C413E2CBFEC88D29F42 /* Embed Frameworks */,
				CA55FDD982EE53523020DF23 /* Frameworks */,
			);
			buildRules = (
			);
			dependencies = (
			);
			name = LibsUI;
			productName = LibsUI;
			productReference = 345C99FFD74A505BE6727B3E /* LibsUI.framework */;
			productType = "com.apple.product-type.framework";
		};
		9BA42C8B4B6E77C42103EBE2 /* LibsTests */ = {
			isa = PBXNativeTarget;
			buildConfigurationList = 0FEAAFB01BADAD2715FA7983 /* Build configuration list for PBXNativeTarget "LibsTests" */;
			buildPhases = (
				3F654665D772ED175EACC422 /* Sources */,
				FBACAB0CA4AB2B7F885F8162 /* Resources */,
				EBA93DBB5CE9863944C86DC9 /* Embed Frameworks */,
				53745029486D46D8FA68E936 /* Frameworks */,
			);
			buildRules = (
			);
			dependencies = (
				DA3E8878C02989882CEB9F20 /* PBXTargetDependency */,
			);
			name = LibsTests;
			productName = LibsTests;
			productReference = 91C58E639AC6CB776A812331 /* LibsTests.xctest */;
			productType = "com.apple.product-type.bundle.unit-test";
		};
		CC7C28B75353E834D60547F4 /* LibsKit */ = {
			isa = PBXNativeTarget;
			buildConfigurationList = 580C52469B3CD3DAD7F1E10E /* Build configuration list for PBXNativeTarget "LibsKit" */;
			buildPhases = (
				1135FBD5BD3E1629EB07E7AB /* Sources */,
				04DA15CB9E5A3F7FC1E1C153 /* Resources */,
				186D76DE3F44F6193E39A820 /* Embed Frameworks */,
				A8298584E3256E2F9BD9FCBD /* Frameworks */,
			);
			buildRules = (
			);
			dependencies = (
			);
			name = LibsKit;
			productName = LibsKit;
			productReference = DEE7AA9A354EF346CF3E618D /* LibsKit.framework */;
			productType = "com.apple.product-type.framework";
		};
		E0766E16C35E23BD7AFB4BA7 /* LibsUITests */ = {
			isa = PBXNativeTarget;
			buildConfigurationList = 579F1FD06393FCE7386E831C /* Build configuration list for PBXNativeTarget "LibsUITests" */;
			buildPhases = (
				8870F364A9AED38D2C4102A8 /* Sources */,
				CA14F133E67F3219E0A9885C /* Resources */,
				AC1A8F348689216A98E31D04 /* Embed Frameworks */,
				9E2BB7BA9CA496B1E15B6468 /* Frameworks */,
			);
			buildRules = (
			);
			dependencies = (
				75DE992E0AAF09F74CDEFAE7 /* PBXTargetDependency */,
			);
			name = LibsUITests;
			productName = LibsUITests;
			productReference = 11B7A9786846955FFD47F3AB /* LibsUITests.xctest */;
			productType = "com.apple.product-type.bundle.unit-test";
		};
/* End PBXNativeTarget section */

/* Begin PBXProject section */
		D157615377CE6E82B6E3104C /* Project object */ = {
			isa = PBXProject;
			attributes = {
				BuildIndependentTargetsInParallel = YES;
				ORGANIZATIONNAME = tuist.io;
				TargetAttributes = {
					9BA42C8B4B6E77C42103EBE2 = {
						TestTargetID = 4184D25B6E1BE9A02ADD0775;
					};
				};
			};
			buildConfigurationList = 8BCEFF484022AB7FD6C7F180 /* Build configuration list for PBXProject "Libs" */;
			compatibilityVersion = "Xcode 14.0";
			developmentRegion = en;
			hasScannedForEncodings = 0;
			knownRegions = (
				Base,
				en,
			);
			mainGroup = 89792F2FA440B2D172B6DA15;
			productRefGroup = 30E28B410B1BB620AF81675A /* Products */;
			projectDirPath = "";
			projectRoot = "";
			targets = (
				4184D25B6E1BE9A02ADD0775 /* Libs */,
				9BA42C8B4B6E77C42103EBE2 /* LibsTests */,
				CC7C28B75353E834D60547F4 /* LibsKit */,
				3861B6B68561CA2F21F6E9F2 /* LibsKitTests */,
				67830FD15FC3CCE08D8CE048 /* LibsUI */,
				E0766E16C35E23BD7AFB4BA7 /* LibsUITests */,
			);
		};
/* End PBXProject section */

/* Begin PBXResourcesBuildPhase section */
		04DA15CB9E5A3F7FC1E1C153 /* Resources */ = {
			isa = PBXResourcesBuildPhase;
			buildActionMask = 2147483647;
			files = (
			);
			runOnlyForDeploymentPostprocessing = 0;
		};
		337FD3A650E88A25F56E8B6A /* Resources */ = {
			isa = PBXResourcesBuildPhase;
			buildActionMask = 2147483647;
			files = (
				0C0751F8A47424D96AF26C2B /* LaunchScreen.storyboard in Resources */,
			);
			runOnlyForDeploymentPostprocessing = 0;
		};
		6F3C34E9AE5AB2E85DC633D5 /* Resources */ = {
			isa = PBXResourcesBuildPhase;
			buildActionMask = 2147483647;
			files = (
			);
			runOnlyForDeploymentPostprocessing = 0;
		};
		CA14F133E67F3219E0A9885C /* Resources */ = {
			isa = PBXResourcesBuildPhase;
			buildActionMask = 2147483647;
			files = (
			);
			runOnlyForDeploymentPostprocessing = 0;
		};
		F2B6C9DDD379C484F3597DB1 /* Resources */ = {
			isa = PBXResourcesBuildPhase;
			buildActionMask = 2147483647;
			files = (
			);
			runOnlyForDeploymentPostprocessing = 0;
		};
		FBACAB0CA4AB2B7F885F8162 /* Resources */ = {
			isa = PBXResourcesBuildPhase;
			buildActionMask = 2147483647;
			files = (
			);
			runOnlyForDeploymentPostprocessing = 0;
		};
/* End PBXResourcesBuildPhase section */

/* Begin PBXSourcesBuildPhase section */
		09D83F34717CA25C38BC51E9 /* Sources */ = {
			isa = PBXSourcesBuildPhase;
			buildActionMask = 2147483647;
			files = (
				42D0A12351A57FC099DD3F99 /* TuistBundle+Libs.swift in Sources */,
				5BCFDF754815C41874274580 /* AppDelegate.swift in Sources */,
			);
			runOnlyForDeploymentPostprocessing = 0;
		};
		1135FBD5BD3E1629EB07E7AB /* Sources */ = {
			isa = PBXSourcesBuildPhase;
			buildActionMask = 2147483647;
			files = (
				87EE8E6803C2FD9FA42EE2CB /* LibsKit.swift in Sources */,
			);
			runOnlyForDeploymentPostprocessing = 0;
		};
		3F654665D772ED175EACC422 /* Sources */ = {
			isa = PBXSourcesBuildPhase;
			buildActionMask = 2147483647;
			files = (
				2A80FF987C42ABED35DCAC16 /* AppTests.swift in Sources */,
			);
			runOnlyForDeploymentPostprocessing = 0;
		};
		8870F364A9AED38D2C4102A8 /* Sources */ = {
			isa = PBXSourcesBuildPhase;
			buildActionMask = 2147483647;
			files = (
				76324EE068709095DAFFF783 /* LibsUITests.swift in Sources */,
			);
			runOnlyForDeploymentPostprocessing = 0;
		};
		C0ED08E07BF8CC4CF3F9C426 /* Sources */ = {
			isa = PBXSourcesBuildPhase;
			buildActionMask = 2147483647;
			files = (
				95E95E1A874DEB049E5A7C3D /* LibsKitTests.swift in Sources */,
			);
			runOnlyForDeploymentPostprocessing = 0;
		};
		F193F2A6073292AEB50CEBDC /* Sources */ = {
			isa = PBXSourcesBuildPhase;
			buildActionMask = 2147483647;
			files = (
				AB899CFC125E90BBB7825121 /* LibsUI.swift in Sources */,
			);
			runOnlyForDeploymentPostprocessing = 0;
		};
/* End PBXSourcesBuildPhase section */

/* Begin PBXTargetDependency section */
		75DE992E0AAF09F74CDEFAE7 /* PBXTargetDependency */ = {
			isa = PBXTargetDependency;
			name = LibsUI;
			target = 67830FD15FC3CCE08D8CE048 /* LibsUI */;
			targetProxy = BEE9248908AC07DB6305EB88 /* PBXContainerItemProxy */;
		};
		9C92F4180681E544B56477EA /* PBXTargetDependency */ = {
			isa = PBXTargetDependency;
			name = LibsKit;
			target = CC7C28B75353E834D60547F4 /* LibsKit */;
			targetProxy = C77FB346A4EC7354EC0026BD /* PBXContainerItemProxy */;
		};
		B9D24CE050FEB29371A30A55 /* PBXTargetDependency */ = {
			isa = PBXTargetDependency;
			name = LibsKit;
			target = CC7C28B75353E834D60547F4 /* LibsKit */;
			targetProxy = 3DD6EE44BB1FBAA38E1409BC /* PBXContainerItemProxy */;
		};
		DA3E8878C02989882CEB9F20 /* PBXTargetDependency */ = {
			isa = PBXTargetDependency;
			name = Libs;
			target = 4184D25B6E1BE9A02ADD0775 /* Libs */;
			targetProxy = 0BB16047F7BB52A515203590 /* PBXContainerItemProxy */;
		};
		DA586BFD20A55A01FC6BEAD8 /* PBXTargetDependency */ = {
			isa = PBXTargetDependency;
			name = LibsUI;
			target = 67830FD15FC3CCE08D8CE048 /* LibsUI */;
			targetProxy = 304485891DAEA0C46EA8C145 /* PBXContainerItemProxy */;
		};
/* End PBXTargetDependency section */

/* Begin XCBuildConfiguration section */
		136F6919DC86EE0AA5BCAF5A /* Debug */ = {
			isa = XCBuildConfiguration;
			buildSettings = {
				ASSETCATALOG_COMPILER_APPICON_NAME = AppIcon;
				CODE_SIGN_IDENTITY = "iPhone Developer";
				ENABLE_PREVIEWS = YES;
				INFOPLIST_FILE = "Derived/InfoPlists/Libs-Info.plist";
				LD_RUNPATH_SEARCH_PATHS = (
					"$(inherited)",
					"@executable_path/Frameworks",
				);
				PRODUCT_BUNDLE_IDENTIFIER = io.tuist.Libs;
				PRODUCT_NAME = Libs;
				SDKROOT = iphoneos;
				SUPPORTS_MACCATALYST = NO;
				SUPPORTS_MAC_DESIGNED_FOR_IPHONE_IPAD = YES;
				SUPPORTS_XR_DESIGNED_FOR_IPHONE_IPAD = NO;
				SWIFT_ACTIVE_COMPILATION_CONDITIONS = DEBUG;
				SWIFT_COMPILATION_MODE = singlefile;
				SWIFT_OPTIMIZATION_LEVEL = "-Onone";
				SWIFT_VERSION = 5.0;
				TARGETED_DEVICE_FAMILY = "1,2";
			};
			name = Debug;
		};
		2AA6F1FD1FC234028BA2EDC1 /* Debug */ = {
			isa = XCBuildConfiguration;
			buildSettings = {
				CODE_SIGN_IDENTITY = "iPhone Developer";
				INFOPLIST_FILE = "Derived/InfoPlists/LibsUITests-Info.plist";
				LD_RUNPATH_SEARCH_PATHS = (
					"$(inherited)",
					"@executable_path/Frameworks",
					"@loader_path/Frameworks",
				);
				PRODUCT_BUNDLE_IDENTIFIER = io.tuist.LibsUITests;
				PRODUCT_NAME = LibsUITests;
				SDKROOT = iphoneos;
				SUPPORTS_MACCATALYST = NO;
				SUPPORTS_MAC_DESIGNED_FOR_IPHONE_IPAD = YES;
				SUPPORTS_XR_DESIGNED_FOR_IPHONE_IPAD = NO;
				SWIFT_ACTIVE_COMPILATION_CONDITIONS = DEBUG;
				SWIFT_COMPILATION_MODE = singlefile;
				SWIFT_OPTIMIZATION_LEVEL = "-Onone";
				SWIFT_VERSION = 5.0;
				TARGETED_DEVICE_FAMILY = "1,2";
			};
			name = Debug;
		};
		3F80DB8B1D1749D8D57B7AD9 /* Release */ = {
			isa = XCBuildConfiguration;
			buildSettings = {
				CODE_SIGN_IDENTITY = "iPhone Developer";
				INFOPLIST_FILE = "Derived/InfoPlists/LibsKitTests-Info.plist";
				LD_RUNPATH_SEARCH_PATHS = (
					"$(inherited)",
					"@executable_path/Frameworks",
					"@loader_path/Frameworks",
				);
				PRODUCT_BUNDLE_IDENTIFIER = io.tuist.LibsKitTests;
				PRODUCT_NAME = LibsKitTests;
				SDKROOT = iphoneos;
				SUPPORTS_MACCATALYST = NO;
				SUPPORTS_MAC_DESIGNED_FOR_IPHONE_IPAD = YES;
				SUPPORTS_XR_DESIGNED_FOR_IPHONE_IPAD = NO;
				SWIFT_COMPILATION_MODE = wholemodule;
				SWIFT_OPTIMIZATION_LEVEL = "-Owholemodule";
				SWIFT_VERSION = 5.0;
				TARGETED_DEVICE_FAMILY = "1,2";
			};
			name = Release;
		};
		575E2CE3C20D2F5245239559 /* Release */ = {
			isa = XCBuildConfiguration;
			buildSettings = {
				CODE_SIGN_IDENTITY = "";
				CURRENT_PROJECT_VERSION = 1;
				DEFINES_MODULE = YES;
				DYLIB_COMPATIBILITY_VERSION = 1;
				DYLIB_CURRENT_VERSION = 1;
				DYLIB_INSTALL_NAME_BASE = "@rpath";
				INFOPLIST_FILE = "Derived/InfoPlists/LibsKit-Info.plist";
				INSTALL_PATH = "$(LOCAL_LIBRARY_DIR)/Frameworks";
				LD_RUNPATH_SEARCH_PATHS = (
					"$(inherited)",
					"@executable_path/Frameworks",
					"@loader_path/Frameworks",
				);
				PRODUCT_BUNDLE_IDENTIFIER = io.tuist.LibsKit;
				PRODUCT_NAME = LibsKit;
				SDKROOT = iphoneos;
				SKIP_INSTALL = YES;
				SUPPORTS_MACCATALYST = NO;
				SUPPORTS_MAC_DESIGNED_FOR_IPHONE_IPAD = YES;
				SUPPORTS_XR_DESIGNED_FOR_IPHONE_IPAD = NO;
				SWIFT_COMPILATION_MODE = wholemodule;
				SWIFT_OPTIMIZATION_LEVEL = "-Owholemodule";
				SWIFT_VERSION = 5.0;
				TARGETED_DEVICE_FAMILY = "1,2";
				VERSIONING_SYSTEM = "apple-generic";
				VERSION_INFO_PREFIX = "";
			};
			name = Release;
		};
		5AD167068BF9F107853FF6F6 /* Release */ = {
			isa = XCBuildConfiguration;
			buildSettings = {
				CODE_SIGN_IDENTITY = "iPhone Developer";
				INFOPLIST_FILE = "Derived/InfoPlists/LibsUITests-Info.plist";
				LD_RUNPATH_SEARCH_PATHS = (
					"$(inherited)",
					"@executable_path/Frameworks",
					"@loader_path/Frameworks",
				);
				PRODUCT_BUNDLE_IDENTIFIER = io.tuist.LibsUITests;
				PRODUCT_NAME = LibsUITests;
				SDKROOT = iphoneos;
				SUPPORTS_MACCATALYST = NO;
				SUPPORTS_MAC_DESIGNED_FOR_IPHONE_IPAD = YES;
				SUPPORTS_XR_DESIGNED_FOR_IPHONE_IPAD = NO;
				SWIFT_COMPILATION_MODE = wholemodule;
				SWIFT_OPTIMIZATION_LEVEL = "-Owholemodule";
				SWIFT_VERSION = 5.0;
				TARGETED_DEVICE_FAMILY = "1,2";
			};
			name = Release;
		};
		7F3CE05183C5375FF6F2194E /* Release */ = {
			isa = XCBuildConfiguration;
			buildSettings = {
				CODE_SIGN_IDENTITY = "";
				CURRENT_PROJECT_VERSION = 1;
				DEFINES_MODULE = YES;
				DYLIB_COMPATIBILITY_VERSION = 1;
				DYLIB_CURRENT_VERSION = 1;
				DYLIB_INSTALL_NAME_BASE = "@rpath";
				INFOPLIST_FILE = "Derived/InfoPlists/LibsUI-Info.plist";
				INSTALL_PATH = "$(LOCAL_LIBRARY_DIR)/Frameworks";
				LD_RUNPATH_SEARCH_PATHS = (
					"$(inherited)",
					"@executable_path/Frameworks",
					"@loader_path/Frameworks",
				);
				PRODUCT_BUNDLE_IDENTIFIER = io.tuist.LibsUI;
				PRODUCT_NAME = LibsUI;
				SDKROOT = iphoneos;
				SKIP_INSTALL = YES;
				SUPPORTS_MACCATALYST = NO;
				SUPPORTS_MAC_DESIGNED_FOR_IPHONE_IPAD = YES;
				SUPPORTS_XR_DESIGNED_FOR_IPHONE_IPAD = NO;
				SWIFT_COMPILATION_MODE = wholemodule;
				SWIFT_OPTIMIZATION_LEVEL = "-Owholemodule";
				SWIFT_VERSION = 5.0;
				TARGETED_DEVICE_FAMILY = "1,2";
				VERSIONING_SYSTEM = "apple-generic";
				VERSION_INFO_PREFIX = "";
			};
			name = Release;
		};
		80B03A2B22AD5B7F0E5A6041 /* Debug */ = {
			isa = XCBuildConfiguration;
			buildSettings = {
				ALWAYS_SEARCH_USER_PATHS = NO;
				CLANG_ANALYZER_LOCALIZABILITY_NONLOCALIZED = YES;
				CLANG_ANALYZER_NONNULL = YES;
				CLANG_ANALYZER_NUMBER_OBJECT_CONVERSION = YES_AGGRESSIVE;
				CLANG_CXX_LANGUAGE_STANDARD = "gnu++14";
				CLANG_CXX_LIBRARY = "libc++";
				CLANG_ENABLE_MODULES = YES;
				CLANG_ENABLE_OBJC_ARC = YES;
				CLANG_ENABLE_OBJC_WEAK = YES;
				CLANG_WARN_BLOCK_CAPTURE_AUTORELEASING = YES;
				CLANG_WARN_BOOL_CONVERSION = YES;
				CLANG_WARN_COMMA = YES;
				CLANG_WARN_CONSTANT_CONVERSION = YES;
				CLANG_WARN_DEPRECATED_OBJC_IMPLEMENTATIONS = YES;
				CLANG_WARN_DIRECT_OBJC_ISA_USAGE = YES_ERROR;
				CLANG_WARN_DOCUMENTATION_COMMENTS = YES;
				CLANG_WARN_EMPTY_BODY = YES;
				CLANG_WARN_ENUM_CONVERSION = YES;
				CLANG_WARN_INFINITE_RECURSION = YES;
				CLANG_WARN_INT_CONVERSION = YES;
				CLANG_WARN_NON_LITERAL_NULL_CONVERSION = YES;
				CLANG_WARN_OBJC_IMPLICIT_RETAIN_SELF = YES;
				CLANG_WARN_OBJC_LITERAL_CONVERSION = YES;
				CLANG_WARN_OBJC_ROOT_CLASS = YES_ERROR;
				CLANG_WARN_QUOTED_INCLUDE_IN_FRAMEWORK_HEADER = YES;
				CLANG_WARN_RANGE_LOOP_ANALYSIS = YES;
				CLANG_WARN_STRICT_PROTOTYPES = YES;
				CLANG_WARN_SUSPICIOUS_MOVE = YES;
				CLANG_WARN_UNGUARDED_AVAILABILITY = YES_AGGRESSIVE;
				CLANG_WARN_UNREACHABLE_CODE = YES;
				CLANG_WARN__DUPLICATE_METHOD_MATCH = YES;
				COPY_PHASE_STRIP = NO;
				DEAD_CODE_STRIPPING = YES;
				DEBUG_INFORMATION_FORMAT = dwarf;
				ENABLE_STRICT_OBJC_MSGSEND = YES;
				ENABLE_TESTABILITY = YES;
				GCC_C_LANGUAGE_STANDARD = gnu11;
				GCC_DYNAMIC_NO_PIC = NO;
				GCC_NO_COMMON_BLOCKS = YES;
				GCC_OPTIMIZATION_LEVEL = 0;
				GCC_PREPROCESSOR_DEFINITIONS = (
					"DEBUG=1",
					"$(inherited)",
				);
				GCC_WARN_64_TO_32_BIT_CONVERSION = YES;
				GCC_WARN_ABOUT_RETURN_TYPE = YES_ERROR;
				GCC_WARN_UNDECLARED_SELECTOR = YES;
				GCC_WARN_UNINITIALIZED_AUTOS = YES_AGGRESSIVE;
				GCC_WARN_UNUSED_FUNCTION = YES;
				GCC_WARN_UNUSED_VARIABLE = YES;
				MTL_ENABLE_DEBUG_INFO = YES;
				ONLY_ACTIVE_ARCH = YES;
				PRODUCT_NAME = "$(TARGET_NAME)";
			};
			name = Debug;
		};
		89ABF7E14BF8430935A5B71A /* Release */ = {
			isa = XCBuildConfiguration;
			buildSettings = {
				BUNDLE_LOADER = "$(TEST_HOST)";
				CODE_SIGN_IDENTITY = "iPhone Developer";
				INFOPLIST_FILE = "Derived/InfoPlists/LibsTests-Info.plist";
				LD_RUNPATH_SEARCH_PATHS = (
					"$(inherited)",
					"@executable_path/Frameworks",
					"@loader_path/Frameworks",
				);
				PRODUCT_BUNDLE_IDENTIFIER = io.tuist.LibsTests;
				PRODUCT_NAME = LibsTests;
				SDKROOT = iphoneos;
				SUPPORTS_MACCATALYST = NO;
				SUPPORTS_MAC_DESIGNED_FOR_IPHONE_IPAD = YES;
				SUPPORTS_XR_DESIGNED_FOR_IPHONE_IPAD = NO;
				SWIFT_COMPILATION_MODE = wholemodule;
				SWIFT_OPTIMIZATION_LEVEL = "-Owholemodule";
				SWIFT_VERSION = 5.0;
				TARGETED_DEVICE_FAMILY = "1,2";
				TEST_HOST = "$(BUILT_PRODUCTS_DIR)/Libs.app/$(BUNDLE_EXECUTABLE_FOLDER_PATH)/Libs";
				TEST_TARGET_NAME = Libs;
			};
			name = Release;
		};
		978DB69605658C9392A0E061 /* Debug */ = {
			isa = XCBuildConfiguration;
			buildSettings = {
				CODE_SIGN_IDENTITY = "";
				CURRENT_PROJECT_VERSION = 1;
				DEFINES_MODULE = YES;
				DYLIB_COMPATIBILITY_VERSION = 1;
				DYLIB_CURRENT_VERSION = 1;
				DYLIB_INSTALL_NAME_BASE = "@rpath";
				INFOPLIST_FILE = "Derived/InfoPlists/LibsUI-Info.plist";
				INSTALL_PATH = "$(LOCAL_LIBRARY_DIR)/Frameworks";
				LD_RUNPATH_SEARCH_PATHS = (
					"$(inherited)",
					"@executable_path/Frameworks",
					"@loader_path/Frameworks",
				);
				PRODUCT_BUNDLE_IDENTIFIER = io.tuist.LibsUI;
				PRODUCT_NAME = LibsUI;
				SDKROOT = iphoneos;
				SKIP_INSTALL = YES;
				SUPPORTS_MACCATALYST = NO;
				SUPPORTS_MAC_DESIGNED_FOR_IPHONE_IPAD = YES;
				SUPPORTS_XR_DESIGNED_FOR_IPHONE_IPAD = NO;
				SWIFT_ACTIVE_COMPILATION_CONDITIONS = DEBUG;
				SWIFT_COMPILATION_MODE = singlefile;
				SWIFT_OPTIMIZATION_LEVEL = "-Onone";
				SWIFT_VERSION = 5.0;
				TARGETED_DEVICE_FAMILY = "1,2";
				VERSIONING_SYSTEM = "apple-generic";
				VERSION_INFO_PREFIX = "";
			};
			name = Debug;
		};
		99F6049D61BF0F84A7E0AAA5 /* Debug */ = {
			isa = XCBuildConfiguration;
			buildSettings = {
				CODE_SIGN_IDENTITY = "iPhone Developer";
				INFOPLIST_FILE = "Derived/InfoPlists/LibsKitTests-Info.plist";
				LD_RUNPATH_SEARCH_PATHS = (
					"$(inherited)",
					"@executable_path/Frameworks",
					"@loader_path/Frameworks",
				);
				PRODUCT_BUNDLE_IDENTIFIER = io.tuist.LibsKitTests;
				PRODUCT_NAME = LibsKitTests;
				SDKROOT = iphoneos;
				SUPPORTS_MACCATALYST = NO;
				SUPPORTS_MAC_DESIGNED_FOR_IPHONE_IPAD = YES;
				SUPPORTS_XR_DESIGNED_FOR_IPHONE_IPAD = NO;
				SWIFT_ACTIVE_COMPILATION_CONDITIONS = DEBUG;
				SWIFT_COMPILATION_MODE = singlefile;
				SWIFT_OPTIMIZATION_LEVEL = "-Onone";
				SWIFT_VERSION = 5.0;
				TARGETED_DEVICE_FAMILY = "1,2";
			};
			name = Debug;
		};
		B311534B02D2E79EC72167C4 /* Release */ = {
			isa = XCBuildConfiguration;
			buildSettings = {
				ALWAYS_SEARCH_USER_PATHS = NO;
				CLANG_ANALYZER_LOCALIZABILITY_NONLOCALIZED = YES;
				CLANG_ANALYZER_NONNULL = YES;
				CLANG_ANALYZER_NUMBER_OBJECT_CONVERSION = YES_AGGRESSIVE;
				CLANG_CXX_LANGUAGE_STANDARD = "gnu++14";
				CLANG_CXX_LIBRARY = "libc++";
				CLANG_ENABLE_MODULES = YES;
				CLANG_ENABLE_OBJC_ARC = YES;
				CLANG_ENABLE_OBJC_WEAK = YES;
				CLANG_WARN_BLOCK_CAPTURE_AUTORELEASING = YES;
				CLANG_WARN_BOOL_CONVERSION = YES;
				CLANG_WARN_COMMA = YES;
				CLANG_WARN_CONSTANT_CONVERSION = YES;
				CLANG_WARN_DEPRECATED_OBJC_IMPLEMENTATIONS = YES;
				CLANG_WARN_DIRECT_OBJC_ISA_USAGE = YES_ERROR;
				CLANG_WARN_DOCUMENTATION_COMMENTS = YES;
				CLANG_WARN_EMPTY_BODY = YES;
				CLANG_WARN_ENUM_CONVERSION = YES;
				CLANG_WARN_INFINITE_RECURSION = YES;
				CLANG_WARN_INT_CONVERSION = YES;
				CLANG_WARN_NON_LITERAL_NULL_CONVERSION = YES;
				CLANG_WARN_OBJC_IMPLICIT_RETAIN_SELF = YES;
				CLANG_WARN_OBJC_LITERAL_CONVERSION = YES;
				CLANG_WARN_OBJC_ROOT_CLASS = YES_ERROR;
				CLANG_WARN_QUOTED_INCLUDE_IN_FRAMEWORK_HEADER = YES;
				CLANG_WARN_RANGE_LOOP_ANALYSIS = YES;
				CLANG_WARN_STRICT_PROTOTYPES = YES;
				CLANG_WARN_SUSPICIOUS_MOVE = YES;
				CLANG_WARN_UNGUARDED_AVAILABILITY = YES_AGGRESSIVE;
				CLANG_WARN_UNREACHABLE_CODE = YES;
				CLANG_WARN__DUPLICATE_METHOD_MATCH = YES;
				COPY_PHASE_STRIP = NO;
				DEAD_CODE_STRIPPING = YES;
				DEBUG_INFORMATION_FORMAT = "dwarf-with-dsym";
				ENABLE_NS_ASSERTIONS = NO;
				ENABLE_STRICT_OBJC_MSGSEND = YES;
				GCC_C_LANGUAGE_STANDARD = gnu11;
				GCC_NO_COMMON_BLOCKS = YES;
				GCC_WARN_64_TO_32_BIT_CONVERSION = YES;
				GCC_WARN_ABOUT_RETURN_TYPE = YES_ERROR;
				GCC_WARN_UNDECLARED_SELECTOR = YES;
				GCC_WARN_UNINITIALIZED_AUTOS = YES_AGGRESSIVE;
				GCC_WARN_UNUSED_FUNCTION = YES;
				GCC_WARN_UNUSED_VARIABLE = YES;
				MTL_ENABLE_DEBUG_INFO = NO;
				PRODUCT_NAME = "$(TARGET_NAME)";
				VALIDATE_PRODUCT = YES;
			};
			name = Release;
		};
		E566260D9DA71FE6CB28E60D /* Debug */ = {
			isa = XCBuildConfiguration;
			buildSettings = {
				BUNDLE_LOADER = "$(TEST_HOST)";
				CODE_SIGN_IDENTITY = "iPhone Developer";
				INFOPLIST_FILE = "Derived/InfoPlists/LibsTests-Info.plist";
				LD_RUNPATH_SEARCH_PATHS = (
					"$(inherited)",
					"@executable_path/Frameworks",
					"@loader_path/Frameworks",
				);
				PRODUCT_BUNDLE_IDENTIFIER = io.tuist.LibsTests;
				PRODUCT_NAME = LibsTests;
				SDKROOT = iphoneos;
				SUPPORTS_MACCATALYST = NO;
				SUPPORTS_MAC_DESIGNED_FOR_IPHONE_IPAD = YES;
				SUPPORTS_XR_DESIGNED_FOR_IPHONE_IPAD = NO;
				SWIFT_ACTIVE_COMPILATION_CONDITIONS = DEBUG;
				SWIFT_COMPILATION_MODE = singlefile;
				SWIFT_OPTIMIZATION_LEVEL = "-Onone";
				SWIFT_VERSION = 5.0;
				TARGETED_DEVICE_FAMILY = "1,2";
				TEST_HOST = "$(BUILT_PRODUCTS_DIR)/Libs.app/$(BUNDLE_EXECUTABLE_FOLDER_PATH)/Libs";
				TEST_TARGET_NAME = Libs;
			};
			name = Debug;
		};
		E92A7266ABF8AE7B2603400B /* Release */ = {
			isa = XCBuildConfiguration;
			buildSettings = {
				ASSETCATALOG_COMPILER_APPICON_NAME = AppIcon;
				CODE_SIGN_IDENTITY = "iPhone Developer";
				ENABLE_PREVIEWS = YES;
				INFOPLIST_FILE = "Derived/InfoPlists/Libs-Info.plist";
				LD_RUNPATH_SEARCH_PATHS = (
					"$(inherited)",
					"@executable_path/Frameworks",
				);
				PRODUCT_BUNDLE_IDENTIFIER = io.tuist.Libs;
				PRODUCT_NAME = Libs;
				SDKROOT = iphoneos;
				SUPPORTS_MACCATALYST = NO;
				SUPPORTS_MAC_DESIGNED_FOR_IPHONE_IPAD = YES;
				SUPPORTS_XR_DESIGNED_FOR_IPHONE_IPAD = NO;
				SWIFT_COMPILATION_MODE = wholemodule;
				SWIFT_OPTIMIZATION_LEVEL = "-Owholemodule";
				SWIFT_VERSION = 5.0;
				TARGETED_DEVICE_FAMILY = "1,2";
			};
			name = Release;
		};
		E9C9A471167D4876CB7ACEAA /* Debug */ = {
			isa = XCBuildConfiguration;
			buildSettings = {
				CODE_SIGN_IDENTITY = "";
				CURRENT_PROJECT_VERSION = 1;
				DEFINES_MODULE = YES;
				DYLIB_COMPATIBILITY_VERSION = 1;
				DYLIB_CURRENT_VERSION = 1;
				DYLIB_INSTALL_NAME_BASE = "@rpath";
				INFOPLIST_FILE = "Derived/InfoPlists/LibsKit-Info.plist";
				INSTALL_PATH = "$(LOCAL_LIBRARY_DIR)/Frameworks";
				LD_RUNPATH_SEARCH_PATHS = (
					"$(inherited)",
					"@executable_path/Frameworks",
					"@loader_path/Frameworks",
				);
				PRODUCT_BUNDLE_IDENTIFIER = io.tuist.LibsKit;
				PRODUCT_NAME = LibsKit;
				SDKROOT = iphoneos;
				SKIP_INSTALL = YES;
				SUPPORTS_MACCATALYST = NO;
				SUPPORTS_MAC_DESIGNED_FOR_IPHONE_IPAD = YES;
				SUPPORTS_XR_DESIGNED_FOR_IPHONE_IPAD = NO;
				SWIFT_ACTIVE_COMPILATION_CONDITIONS = DEBUG;
				SWIFT_COMPILATION_MODE = singlefile;
				SWIFT_OPTIMIZATION_LEVEL = "-Onone";
				SWIFT_VERSION = 5.0;
				TARGETED_DEVICE_FAMILY = "1,2";
				VERSIONING_SYSTEM = "apple-generic";
				VERSION_INFO_PREFIX = "";
			};
			name = Debug;
		};
/* End XCBuildConfiguration section */

/* Begin XCConfigurationList section */
		0FEAAFB01BADAD2715FA7983 /* Build configuration list for PBXNativeTarget "LibsTests" */ = {
			isa = XCConfigurationList;
			buildConfigurations = (
				E566260D9DA71FE6CB28E60D /* Debug */,
				89ABF7E14BF8430935A5B71A /* Release */,
			);
			defaultConfigurationIsVisible = 0;
			defaultConfigurationName = Release;
		};
		272FEE9D9FD729A45C0BC7B2 /* Build configuration list for PBXNativeTarget "LibsKitTests" */ = {
			isa = XCConfigurationList;
			buildConfigurations = (
				99F6049D61BF0F84A7E0AAA5 /* Debug */,
				3F80DB8B1D1749D8D57B7AD9 /* Release */,
			);
			defaultConfigurationIsVisible = 0;
			defaultConfigurationName = Release;
		};
		579F1FD06393FCE7386E831C /* Build configuration list for PBXNativeTarget "LibsUITests" */ = {
			isa = XCConfigurationList;
			buildConfigurations = (
				2AA6F1FD1FC234028BA2EDC1 /* Debug */,
				5AD167068BF9F107853FF6F6 /* Release */,
			);
			defaultConfigurationIsVisible = 0;
			defaultConfigurationName = Release;
		};
		580C52469B3CD3DAD7F1E10E /* Build configuration list for PBXNativeTarget "LibsKit" */ = {
			isa = XCConfigurationList;
			buildConfigurations = (
				E9C9A471167D4876CB7ACEAA /* Debug */,
				575E2CE3C20D2F5245239559 /* Release */,
			);
			defaultConfigurationIsVisible = 0;
			defaultConfigurationName = Release;
		};
		5C4710F9D1B00ADB9E06805F /* Build configuration list for PBXNativeTarget "LibsUI" */ = {
			isa = XCConfigurationList;
			buildConfigurations = (
				978DB69605658C9392A0E061 /* Debug */,
				7F3CE05183C5375FF6F2194E /* Release */,
			);
			defaultConfigurationIsVisible = 0;
			defaultConfigurationName = Release;
		};
		8BCEFF484022AB7FD6C7F180 /* Build configuration list for PBXProject "Libs" */ = {
			isa = XCConfigurationList;
			buildConfigurations = (
				80B03A2B22AD5B7F0E5A6041 /* Debug */,
				B311534B02D2E79EC72167C4 /* Release */,
			);
			defaultConfigurationIsVisible = 0;
			defaultConfigurationName = Release;
		};
		C9A42E92E56C89A0624D56FF /* Build configuration list for PBXNativeTarget "Libs" */ = {
			isa = XCConfigurationList;
			buildConfigurations = (
				136F6919DC86EE0AA5BCAF5A /* Debug */,
				E92A7266ABF8AE7B2603400B /* Release */,
			);
			defaultConfigurationIsVisible = 0;
			defaultConfigurationName = Release;
		};
/* End XCConfigurationList section */
	};
	rootObject = D157615377CE6E82B6E3104C /* Project object */;
}
